
Microsoft Visual Studio Solution File, Format Version 12.00
# Visual Studio 15
Project("{FAE04EC0-301F-11D3-BF4B-00C04F79EFBC}") = "Assembly-CSharp", "Assembly-CSharp.csproj", "{8769C6C4-4AAE-1AF8-E21A-4BE64AF27B22}"
EndProject
Global
	GlobalSection(SolutionConfigurationPlatforms) = preSolution
		Debug|Any CPU = Debug|Any CPU
		Release|Any CPU = Release|Any CPU
	EndGlobalSection
	GlobalSection(ProjectConfigurationPlatforms) = postSolution
		{8769C6C4-4AAE-1AF8-E21A-4BE64AF27B22}.Debug|Any CPU.ActiveCfg = Debug|Any CPU
		{8769C6C4-4AAE-1AF8-E21A-4BE64AF27B22}.Debug|Any CPU.Build.0 = Debug|Any CPU
		{8769C6C4-4AAE-1AF8-E21A-4BE64AF27B22}.Release|Any CPU.ActiveCfg = Release|Any CPU
		{8769C6C4-4AAE-1AF8-E21A-4BE64AF27B22}.Release|Any CPU.Build.0 = Release|Any CPU
	EndGlobalSection
	GlobalSection(SolutionProperties) = preSolution
		HideSolutionNode = FALSE
	EndGlobalSection
EndGlobal
